PODS:
  - Amplify (1.9.2):
    - Amplify/Default (= 1.9.2)
  - Amplify/Default (1.9.2)
  - AmplifyPlugins/AWSAPIPlugin (1.9.2):
    - AppSyncRealTimeClient (~> 1.4)
    - AWSCore (~> 2.24.0)
    - AWSPluginsCore (= 1.9.2)
  - AppSyncRealTimeClient (1.5.0):
    - Starscream (~> 3.1.1)
  - AWSCore (2.24.1)
  - AWSPluginsCore (1.9.2):
    - Amplify (= 1.9.2)
    - AWSCore (~> 2.24.0)
  - Starscream (3.1.1)

DEPENDENCIES:
  - Amplify
  - AmplifyPlugins/AWSAPIPlugin

SPEC REPOS:
  trunk:
    - Amplify
    - AmplifyPlugins
    - AppSyncRealTimeClient
    - AWSCore
    - AWSPluginsCore
    - Starscream

SPEC CHECKSUMS:
  Amplify: 16dcca0275599bc3fa0bb19a02259f058a9f0c45
  AmplifyPlugins: 47df46f4e03b0d34c953f6348f13fe0381537c9f
  AppSyncRealTimeClient: 2b4482b1770a3e5cf64f9714a6d198550017b5a2
  AWSCore: f6cfada8b48d569c11b94e49e8fb184b9c1a2e7e
  AWSPluginsCore: dcedd6826f38917f6b8bc11f261abb0fc0eb2977
  Starscream: 4bb2f9942274833f7b4d296a55504dcfc7edb7b0

PODFILE CHECKSUM: 3582865f16c31503d6f1bf966023c4c79753b79f

COCOAPODS: 1.10.1
